PODS:
  - AffdexSDK-iOS (3.1.1-555):
    - AWSKinesis
  - AWSCore (2.4.12)
  - AWSKinesis (2.4.12):
    - AWSCore (= 2.4.12)

DEPENDENCIES:
  - AffdexSDK-iOS (= 3.1.1-555)

SPEC CHECKSUMS:
  AffdexSDK-iOS: 698c277f64e6764787162cad5d616914c8d3b881
  AWSCore: 8ee5b1dc06a0fd562429fe7120113ca93cbfbca6
  AWSKinesis: 0512591a00bd02cc28fb80f7b54eb78b0eb5a24f

PODFILE CHECKSUM: a94f739157df7a50090e07c2476874a7492f18d0

COCOAPODS: 1.1.0.rc.2
